
Microsoft Visual Studio Solution File, Format Version 12.00
# Visual Studio Version 17
VisualStudioVersion = 17.10.34928.147
MinimumVisualStudioVersion = 10.0.40219.1
Project("{FAE04EC0-301F-11D3-BF4B-00C04F79EFBC}") = "DarthSeldon.API.QRCode.Demo", "DarthSeldon.API.QRCode.Demo.csproj", "{F9C1773B-6872-4279-9C6F-C20B06DC904C}"
EndProject
Global
	GlobalSection(SolutionConfigurationPlatforms) = preSolution
		Debug|Any CPU = Debug|Any CPU
		Release|Any CPU = Release|Any CPU
	EndGlobalSection
	GlobalSection(ProjectConfigurationPlatforms) = postSolution
		{F9C1773B-6872-4279-9C6F-C20B06DC904C}.Debug|Any CPU.ActiveCfg = Debug|Any CPU
		{F9C1773B-6872-4279-9C6F-C20B06DC904C}.Debug|Any CPU.Build.0 = Debug|Any CPU
		{F9C1773B-6872-4279-9C6F-C20B06DC904C}.Release|Any CPU.ActiveCfg = Release|Any CPU
		{F9C1773B-6872-4279-9C6F-C20B06DC904C}.Release|Any CPU.Build.0 = Release|Any CPU
	EndGlobalSection
	GlobalSection(SolutionProperties) = preSolution
		HideSolutionNode = FALSE
	EndGlobalSection
	GlobalSection(ExtensibilityGlobals) = postSolution
		SolutionGuid = {D04C1B8D-8B60-452F-AA26-2705CA12F18D}
	EndGlobalSection
EndGlobal
